// !$*UTF8*$!
{
	archiveVersion = 1;
	classes = {
	};
	objectVersion = 46;
	objects = {

/* Begin PBXBuildFile section */
		32A1C7401CA600410061B67C /* ConvertUTF.cpp in Sources */ = {isa = PBXBuildFile; fileRef = 32A1C6F51CA600410061B67C /* ConvertUTF.cpp */; };
		32A1C7411CA600410061B67C /* Dir.cpp in Sources */ = {isa = PBXBuildFile; fileRef = 32A1C6F71CA600410061B67C /* Dir.cpp */; };
		32A1C7421CA600410061B67C /* DLibrary.cpp in Sources */ = {isa = PBXBuildFile; fileRef = 32A1C6F91CA600410061B67C /* DLibrary.cpp */; };
		32A1C7431CA600410061B67C /* dprintf.cpp in Sources */ = {isa = PBXBuildFile; fileRef = 32A1C6FB1CA600410061B67C /* dprintf.cpp */; };
		32A1C7441CA600410061B67C /* file_system.cpp in Sources */ = {isa = PBXBuildFile; fileRef = 32A1C6FE1CA600410061B67C /* file_system.cpp */; };
		32A1C7451CA600410061B67C /* Host.cpp in Sources */ = {isa = PBXBuildFile; fileRef = 32A1C7011CA600410061B67C /* Host.cpp */; };
		32A1C7461CA600410061B67C /* IceTea.cpp in Sources */ = {isa = PBXBuildFile; fileRef = 32A1C7051CA600410061B67C /* IceTea.cpp */; };
		32A1C7471CA600410061B67C /* IceTeaPlugin.cpp in Sources */ = {isa = PBXBuildFile; fileRef = 32A1C7071CA600410061B67C /* IceTeaPlugin.cpp */; };
		32A1C7481CA600410061B67C /* InternalIceTeaPlugin.cpp in Sources */ = {isa = PBXBuildFile; fileRef = 32A1C70B1CA600410061B67C /* InternalIceTeaPlugin.cpp */; };
		32A1C7491CA600410061B67C /* main.cpp in Sources */ = {isa = PBXBuildFile; fileRef = 32A1C70E1CA600410061B67C /* main.cpp */; };
		32A1C74A1CA600410061B67C /* objectscript.cpp in Sources */ = {isa = PBXBuildFile; fileRef = 32A1C70F1CA600410061B67C /* objectscript.cpp */; };
		32A1C74B1CA600410061B67C /* os-cache.cpp in Sources */ = {isa = PBXBuildFile; fileRef = 32A1C7151CA600410061B67C /* os-cache.cpp */; };
		32A1C74C1CA600410061B67C /* os-console.cpp in Sources */ = {isa = PBXBuildFile; fileRef = 32A1C7161CA600410061B67C /* os-console.cpp */; };
		32A1C74D1CA600410061B67C /* os-detector.cpp in Sources */ = {isa = PBXBuildFile; fileRef = 32A1C7171CA600410061B67C /* os-detector.cpp */; };
		32A1C74E1CA600410061B67C /* os-exec.cpp in Sources */ = {isa = PBXBuildFile; fileRef = 32A1C7181CA600410061B67C /* os-exec.cpp */; };
		32A1C74F1CA600410061B67C /* os-heap.cpp in Sources */ = {isa = PBXBuildFile; fileRef = 32A1C71A1CA600410061B67C /* os-heap.cpp */; };
		32A1C7501CA600410061B67C /* os-icetea.cpp in Sources */ = {isa = PBXBuildFile; fileRef = 32A1C71C1CA600410061B67C /* os-icetea.cpp */; };
		32A1C7511CA600410061B67C /* os-pfs.cpp in Sources */ = {isa = PBXBuildFile; fileRef = 32A1C71E1CA600410061B67C /* os-pfs.cpp */; };
		32A1C7521CA600410061B67C /* os-process.cpp in Sources */ = {isa = PBXBuildFile; fileRef = 32A1C7201CA600410061B67C /* os-process.cpp */; };
		32A1C7531CA600410061B67C /* os-slre.cpp in Sources */ = {isa = PBXBuildFile; fileRef = 32A1C7211CA600410061B67C /* os-slre.cpp */; };
		32A1C7541CA600410061B67C /* os-std.cpp in Sources */ = {isa = PBXBuildFile; fileRef = 32A1C7231CA600410061B67C /* os-std.cpp */; };
		32A1C7551CA600410061B67C /* os-sys.cpp in Sources */ = {isa = PBXBuildFile; fileRef = 32A1C7241CA600410061B67C /* os-sys.cpp */; };
		32A1C7561CA600410061B67C /* PluginManager.cpp in Sources */ = {isa = PBXBuildFile; fileRef = 32A1C7261CA600410061B67C /* PluginManager.cpp */; };
		32A1C7571CA600410061B67C /* portability_fixes.cpp in Sources */ = {isa = PBXBuildFile; fileRef = 32A1C72A1CA600410061B67C /* portability_fixes.cpp */; };
		32A1C7581CA600410061B67C /* Provider.cpp in Sources */ = {isa = PBXBuildFile; fileRef = 32A1C72D1CA600410061B67C /* Provider.cpp */; };
		32A1C7591CA600410061B67C /* slre.cpp in Sources */ = {isa = PBXBuildFile; fileRef = 32A1C7321CA600410061B67C /* slre.cpp */; };
		32A1C75A1CA600410061B67C /* stlplus_version.cpp in Sources */ = {isa = PBXBuildFile; fileRef = 32A1C7341CA600410061B67C /* stlplus_version.cpp */; };
		32A1C75B1CA600410061B67C /* subprocesses.cpp in Sources */ = {isa = PBXBuildFile; fileRef = 32A1C7361CA600410061B67C /* subprocesses.cpp */; };
		32A1C75C1CA600410061B67C /* tinythread.cpp in Sources */ = {isa = PBXBuildFile; fileRef = 32A1C7391CA600410061B67C /* tinythread.cpp */; };
		32A1C75D1CA600410061B67C /* util.cpp in Sources */ = {isa = PBXBuildFile; fileRef = 32A1C73C1CA600410061B67C /* util.cpp */; };
		32A1C75E1CA600410061B67C /* wildcard.cpp in Sources */ = {isa = PBXBuildFile; fileRef = 32A1C73E1CA600410061B67C /* wildcard.cpp */; };
		32A1C77C1CA601E40061B67C /* incbin.c in Sources */ = {isa = PBXBuildFile; fileRef = 32A1C7771CA601E40061B67C /* incbin.c */; };
		32A1C7831CA60BD60061B67C /* scripts.rc in Sources */ = {isa = PBXBuildFile; fileRef = 32A1C7301CA600410061B67C /* scripts.rc */; };
/* End PBXBuildFile section */

/* Begin PBXBuildRule section */
		32A1C77E1CA6021C0061B67C /* PBXBuildRule */ = {
			isa = PBXBuildRule;
			compilerSpec = com.apple.compilers.proxy.script;
			filePatterns = "*.rc";
			fileType = pattern.proxy;
			isEditable = 1;
			name = "IncBin: Build source file";
			outputFiles = (
				"$(DERIVED_FILE_DIR)/$(INPUT_FILE_BASE).incbin.c",
			);
			script = "${BUILT_PRODUCTS_DIR}/incbin ${INCBIN_FLAGS} ${INPUT_FILE_PATH} -o ${DERIVED_FILE_DIR}/${INPUT_FILE_BASE}.incbin.c";
		};
		32A1C7821CA609AF0061B67C /* PBXBuildRule */ = {
			isa = PBXBuildRule;
			compilerSpec = com.apple.compilers.proxy.script;
			filePatterns = "*.rc";
			fileType = pattern.proxy;
			isEditable = 1;
			name = "IncBin: Processing container";
			outputFiles = (
				"$(DERIVED_FILE_DIR)/$(INPUT_FILE_BASE).incbin.c",
			);
			script = "cd ${SRCROOT}/..\n${BUILT_PRODUCTS_DIR}/incbin ${INCBIN_FLAGS} ${INPUT_FILE_PATH} -o ${DERIVED_FILE_DIR}/${INPUT_FILE_BASE}.incbin.c";
		};
/* End PBXBuildRule section */

/* Begin PBXContainerItemProxy section */
		32A1C7801CA609A00061B67C /* PBXContainerItemProxy */ = {
			isa = PBXContainerItemProxy;
			containerPortal = 326B7C691CA5FC170075D0F6 /* Project object */;
			proxyType = 1;
			remoteGlobalIDString = 32A1C76F1CA6017F0061B67C;
			remoteInfo = incbin;
		};
/* End PBXContainerItemProxy section */

/* Begin PBXCopyFilesBuildPhase section */
		326B7C6F1CA5FC170075D0F6 /* CopyFiles */ = {
			isa = PBXCopyFilesBuildPhase;
			buildActionMask = 2147483647;
			dstPath = /usr/share/man/man1/;
			dstSubfolderSpec = 0;
			files = (
			);
			runOnlyForDeploymentPostprocessing = 1;
		};
		32A1C76E1CA6017F0061B67C /* CopyFiles */ = {
			isa = PBXCopyFilesBuildPhase;
			buildActionMask = 2147483647;
			dstPath = /usr/share/man/man1/;
			dstSubfolderSpec = 0;
			files = (
			);
			runOnlyForDeploymentPostprocessing = 1;
		};
/* End PBXCopyFilesBuildPhase section */

/* Begin PBXFileReference section */
		326B7C711CA5FC170075D0F6 /* icetea */ = {isa = PBXFileReference; explicitFileType = "compiled.mach-o.executable"; includeInIndex = 0; path = icetea; sourceTree = BUILT_PRODUCTS_DIR; };
		32A1C6F21CA600410061B67C /* cli.h */ = {isa = PBXFileReference; fileEncoding = 4; lastKnownFileType = sourcecode.c.h; name = cli.h; path = ../src/cli.h; sourceTree = "<group>"; };
		32A1C6F31CA600410061B67C /* Config.hpp */ = {isa = PBXFileReference; fileEncoding = 4; lastKnownFileType = sourcecode.cpp.h; name = Config.hpp; path = ../src/Config.hpp; sourceTree = "<group>"; };
		32A1C6F41CA600410061B67C /* Connector.hpp */ = {isa = PBXFileReference; fileEncoding = 4; lastKnownFileType = sourcecode.cpp.h; name = Connector.hpp; path = ../src/Connector.hpp; sourceTree = "<group>"; };
		32A1C6F51CA600410061B67C /* ConvertUTF.cpp */ = {isa = PBXFileReference; fileEncoding = 4; lastKnownFileType = sourcecode.cpp.cpp; name = ConvertUTF.cpp; path = ../src/ConvertUTF.cpp; sourceTree = "<group>"; };
		32A1C6F61CA600410061B67C /* ConvertUTF.h */ = {isa = PBXFileReference; fileEncoding = 4; lastKnownFileType = sourcecode.c.h; name = ConvertUTF.h; path = ../src/ConvertUTF.h; sourceTree = "<group>"; };
		32A1C6F71CA600410061B67C /* Dir.cpp */ = {isa = PBXFileReference; fileEncoding = 4; lastKnownFileType = sourcecode.cpp.cpp; name = Dir.cpp; path = ../src/Dir.cpp; sourceTree = "<group>"; };
		32A1C6F81CA600410061B67C /* Dir.hpp */ = {isa = PBXFileReference; fileEncoding = 4; lastKnownFileType = sourcecode.cpp.h; name = Dir.hpp; path = ../src/Dir.hpp; sourceTree = "<group>"; };
		32A1C6F91CA600410061B67C /* DLibrary.cpp */ = {isa = PBXFileReference; fileEncoding = 4; lastKnownFileType = sourcecode.cpp.cpp; name = DLibrary.cpp; path = ../src/DLibrary.cpp; sourceTree = "<group>"; };
		32A1C6FA1CA600410061B67C /* DLibrary.hpp */ = {isa = PBXFileReference; fileEncoding = 4; lastKnownFileType = sourcecode.cpp.h; name = DLibrary.hpp; path = ../src/DLibrary.hpp; sourceTree = "<group>"; };
		32A1C6FB1CA600410061B67C /* dprintf.cpp */ = {isa = PBXFileReference; fileEncoding = 4; lastKnownFileType = sourcecode.cpp.cpp; name = dprintf.cpp; path = ../src/dprintf.cpp; sourceTree = "<group>"; };
		32A1C6FC1CA600410061B67C /* dprintf.hpp */ = {isa = PBXFileReference; fileEncoding = 4; lastKnownFileType = sourcecode.cpp.h; name = dprintf.hpp; path = ../src/dprintf.hpp; sourceTree = "<group>"; };
		32A1C6FD1CA600410061B67C /* fast_mutex.h */ = {isa = PBXFileReference; fileEncoding = 4; lastKnownFileType = sourcecode.c.h; name = fast_mutex.h; path = ../src/fast_mutex.h; sourceTree = "<group>"; };
		32A1C6FE1CA600410061B67C /* file_system.cpp */ = {isa = PBXFileReference; fileEncoding = 4; lastKnownFileType = sourcecode.cpp.cpp; name = file_system.cpp; path = ../src/file_system.cpp; sourceTree = "<group>"; };
		32A1C6FF1CA600410061B67C /* file_system.hpp */ = {isa = PBXFileReference; fileEncoding = 4; lastKnownFileType = sourcecode.cpp.h; name = file_system.hpp; path = ../src/file_system.hpp; sourceTree = "<group>"; };
		32A1C7001CA600410061B67C /* filecache.hpp */ = {isa = PBXFileReference; fileEncoding = 4; lastKnownFileType = sourcecode.cpp.h; name = filecache.hpp; path = ../src/filecache.hpp; sourceTree = "<group>"; };
		32A1C7011CA600410061B67C /* Host.cpp */ = {isa = PBXFileReference; fileEncoding = 4; lastKnownFileType = sourcecode.cpp.cpp; name = Host.cpp; path = ../src/Host.cpp; sourceTree = "<group>"; };
		32A1C7021CA600410061B67C /* Host.hpp */ = {isa = PBXFileReference; fileEncoding = 4; lastKnownFileType = sourcecode.cpp.h; name = Host.hpp; path = ../src/Host.hpp; sourceTree = "<group>"; };
		32A1C7031CA600410061B67C /* icetea-emscripten.h */ = {isa = PBXFileReference; fileEncoding = 4; lastKnownFileType = sourcecode.c.h; name = "icetea-emscripten.h"; path = "../src/icetea-emscripten.h"; sourceTree = "<group>"; };
		32A1C7041CA600410061B67C /* icetea-emscripten.js */ = {isa = PBXFileReference; fileEncoding = 4; lastKnownFileType = sourcecode.javascript; name = "icetea-emscripten.js"; path = "../src/icetea-emscripten.js"; sourceTree = "<group>"; };
		32A1C7051CA600410061B67C /* IceTea.cpp */ = {isa = PBXFileReference; fileEncoding = 4; lastKnownFileType = sourcecode.cpp.cpp; name = IceTea.cpp; path = ../src/IceTea.cpp; sourceTree = "<group>"; };
		32A1C7061CA600410061B67C /* IceTea.h */ = {isa = PBXFileReference; fileEncoding = 4; lastKnownFileType = sourcecode.c.h; name = IceTea.h; path = ../src/IceTea.h; sourceTree = "<group>"; };
		32A1C7071CA600410061B67C /* IceTeaPlugin.cpp */ = {isa = PBXFileReference; fileEncoding = 4; lastKnownFileType = sourcecode.cpp.cpp; name = IceTeaPlugin.cpp; path = ../src/IceTeaPlugin.cpp; sourceTree = "<group>"; };
		32A1C7081CA600410061B67C /* IceTeaPlugin.h */ = {isa = PBXFileReference; fileEncoding = 4; lastKnownFileType = sourcecode.c.h; name = IceTeaPlugin.h; path = ../src/IceTeaPlugin.h; sourceTree = "<group>"; };
		32A1C7091CA600410061B67C /* incbin.ext.h */ = {isa = PBXFileReference; fileEncoding = 4; lastKnownFileType = sourcecode.c.h; name = incbin.ext.h; path = ../src/incbin.ext.h; sourceTree = "<group>"; };
		32A1C70A1CA600410061B67C /* incbin.h */ = {isa = PBXFileReference; fileEncoding = 4; lastKnownFileType = sourcecode.c.h; name = incbin.h; path = ../src/incbin.h; sourceTree = "<group>"; };
		32A1C70B1CA600410061B67C /* InternalIceTeaPlugin.cpp */ = {isa = PBXFileReference; fileEncoding = 4; lastKnownFileType = sourcecode.cpp.cpp; name = InternalIceTeaPlugin.cpp; path = ../src/InternalIceTeaPlugin.cpp; sourceTree = "<group>"; };
		32A1C70C1CA600410061B67C /* InternalIceTeaPlugin.h */ = {isa = PBXFileReference; fileEncoding = 4; lastKnownFileType = sourcecode.c.h; name = InternalIceTeaPlugin.h; path = ../src/InternalIceTeaPlugin.h; sourceTree = "<group>"; };
		32A1C70D1CA600410061B67C /* it-version.h */ = {isa = PBXFileReference; fileEncoding = 4; lastKnownFileType = sourcecode.c.h; name = "it-version.h"; path = "../src/it-version.h"; sourceTree = "<group>"; };
		32A1C70E1CA600410061B67C /* main.cpp */ = {isa = PBXFileReference; fileEncoding = 4; lastKnownFileType = sourcecode.cpp.cpp; name = main.cpp; path = ../src/main.cpp; sourceTree = "<group>"; };
		32A1C70F1CA600410061B67C /* objectscript.cpp */ = {isa = PBXFileReference; fileEncoding = 4; lastKnownFileType = sourcecode.cpp.cpp; name = objectscript.cpp; path = ../src/objectscript.cpp; sourceTree = "<group>"; };
		32A1C7101CA600410061B67C /* objectscript.h */ = {isa = PBXFileReference; fileEncoding = 4; lastKnownFileType = sourcecode.c.h; name = objectscript.h; path = ../src/objectscript.h; sourceTree = "<group>"; };
		32A1C7111CA600410061B67C /* os-binder-arg-cc-functions.h */ = {isa = PBXFileReference; fileEncoding = 4; lastKnownFileType = sourcecode.c.h; name = "os-binder-arg-cc-functions.h"; path = "../src/os-binder-arg-cc-functions.h"; sourceTree = "<group>"; };
		32A1C7121CA600410061B67C /* os-binder-cc-functions.h */ = {isa = PBXFileReference; fileEncoding = 4; lastKnownFileType = sourcecode.c.h; name = "os-binder-cc-functions.h"; path = "../src/os-binder-cc-functions.h"; sourceTree = "<group>"; };
		32A1C7131CA600410061B67C /* os-binder-function.h */ = {isa = PBXFileReference; fileEncoding = 4; lastKnownFileType = sourcecode.c.h; name = "os-binder-function.h"; path = "../src/os-binder-function.h"; sourceTree = "<group>"; };
		32A1C7141CA600410061B67C /* os-binder.h */ = {isa = PBXFileReference; fileEncoding = 4; lastKnownFileType = sourcecode.c.h; name = "os-binder.h"; path = "../src/os-binder.h"; sourceTree = "<group>"; };
		32A1C7151CA600410061B67C /* os-cache.cpp */ = {isa = PBXFileReference; fileEncoding = 4; lastKnownFileType = sourcecode.cpp.cpp; name = "os-cache.cpp"; path = "../src/os-cache.cpp"; sourceTree = "<group>"; };
		32A1C7161CA600410061B67C /* os-console.cpp */ = {isa = PBXFileReference; fileEncoding = 4; lastKnownFileType = sourcecode.cpp.cpp; name = "os-console.cpp"; path = "../src/os-console.cpp"; sourceTree = "<group>"; };
		32A1C7171CA600410061B67C /* os-detector.cpp */ = {isa = PBXFileReference; fileEncoding = 4; lastKnownFileType = sourcecode.cpp.cpp; name = "os-detector.cpp"; path = "../src/os-detector.cpp"; sourceTree = "<group>"; };
		32A1C7181CA600410061B67C /* os-exec.cpp */ = {isa = PBXFileReference; fileEncoding = 4; lastKnownFileType = sourcecode.cpp.cpp; name = "os-exec.cpp"; path = "../src/os-exec.cpp"; sourceTree = "<group>"; };
		32A1C7191CA600410061B67C /* os-exec.h */ = {isa = PBXFileReference; fileEncoding = 4; lastKnownFileType = sourcecode.c.h; name = "os-exec.h"; path = "../src/os-exec.h"; sourceTree = "<group>"; };
		32A1C71A1CA600410061B67C /* os-heap.cpp */ = {isa = PBXFileReference; fileEncoding = 4; lastKnownFileType = sourcecode.cpp.cpp; name = "os-heap.cpp"; path = "../src/os-heap.cpp"; sourceTree = "<group>"; };
		32A1C71B1CA600410061B67C /* os-heap.h */ = {isa = PBXFileReference; fileEncoding = 4; lastKnownFileType = sourcecode.c.h; name = "os-heap.h"; path = "../src/os-heap.h"; sourceTree = "<group>"; };
		32A1C71C1CA600410061B67C /* os-icetea.cpp */ = {isa = PBXFileReference; fileEncoding = 4; lastKnownFileType = sourcecode.cpp.cpp; name = "os-icetea.cpp"; path = "../src/os-icetea.cpp"; sourceTree = "<group>"; };
		32A1C71D1CA600410061B67C /* os-icetea.h */ = {isa = PBXFileReference; fileEncoding = 4; lastKnownFileType = sourcecode.c.h; name = "os-icetea.h"; path = "../src/os-icetea.h"; sourceTree = "<group>"; };
		32A1C71E1CA600410061B67C /* os-pfs.cpp */ = {isa = PBXFileReference; fileEncoding = 4; lastKnownFileType = sourcecode.cpp.cpp; name = "os-pfs.cpp"; path = "../src/os-pfs.cpp"; sourceTree = "<group>"; };
		32A1C71F1CA600410061B67C /* os-pfs.h */ = {isa = PBXFileReference; fileEncoding = 4; lastKnownFileType = sourcecode.c.h; name = "os-pfs.h"; path = "../src/os-pfs.h"; sourceTree = "<group>"; };
		32A1C7201CA600410061B67C /* os-process.cpp */ = {isa = PBXFileReference; fileEncoding = 4; lastKnownFileType = sourcecode.cpp.cpp; name = "os-process.cpp"; path = "../src/os-process.cpp"; sourceTree = "<group>"; };
		32A1C7211CA600410061B67C /* os-slre.cpp */ = {isa = PBXFileReference; fileEncoding = 4; lastKnownFileType = sourcecode.cpp.cpp; name = "os-slre.cpp"; path = "../src/os-slre.cpp"; sourceTree = "<group>"; };
		32A1C7221CA600410061B67C /* os-stacker.h */ = {isa = PBXFileReference; fileEncoding = 4; lastKnownFileType = sourcecode.c.h; name = "os-stacker.h"; path = "../src/os-stacker.h"; sourceTree = "<group>"; };
		32A1C7231CA600410061B67C /* os-std.cpp */ = {isa = PBXFileReference; fileEncoding = 4; lastKnownFileType = sourcecode.cpp.cpp; name = "os-std.cpp"; path = "../src/os-std.cpp"; sourceTree = "<group>"; };
		32A1C7241CA600410061B67C /* os-sys.cpp */ = {isa = PBXFileReference; fileEncoding = 4; lastKnownFileType = sourcecode.cpp.cpp; name = "os-sys.cpp"; path = "../src/os-sys.cpp"; sourceTree = "<group>"; };
		32A1C7251CA600410061B67C /* picosha2.h */ = {isa = PBXFileReference; fileEncoding = 4; lastKnownFileType = sourcecode.c.h; name = picosha2.h; path = ../src/picosha2.h; sourceTree = "<group>"; };
		32A1C7261CA600410061B67C /* PluginManager.cpp */ = {isa = PBXFileReference; fileEncoding = 4; lastKnownFileType = sourcecode.cpp.cpp; name = PluginManager.cpp; path = ../src/PluginManager.cpp; sourceTree = "<group>"; };
		32A1C7271CA600410061B67C /* PluginManager.hpp */ = {isa = PBXFileReference; fileEncoding = 4; lastKnownFileType = sourcecode.cpp.h; name = PluginManager.hpp; path = ../src/PluginManager.hpp; sourceTree = "<group>"; };
		32A1C7281CA600410061B67C /* Pluma.hpp */ = {isa = PBXFileReference; fileEncoding = 4; lastKnownFileType = sourcecode.cpp.h; name = Pluma.hpp; path = ../src/Pluma.hpp; sourceTree = "<group>"; };
		32A1C7291CA600410061B67C /* Pluma.inl */ = {isa = PBXFileReference; fileEncoding = 4; lastKnownFileType = text; name = Pluma.inl; path = ../src/Pluma.inl; sourceTree = "<group>"; };
		32A1C72A1CA600410061B67C /* portability_fixes.cpp */ = {isa = PBXFileReference; fileEncoding = 4; lastKnownFileType = sourcecode.cpp.cpp; name = portability_fixes.cpp; path = ../src/portability_fixes.cpp; sourceTree = "<group>"; };
		32A1C72B1CA600410061B67C /* portability_fixes.hpp */ = {isa = PBXFileReference; fileEncoding = 4; lastKnownFileType = sourcecode.cpp.h; name = portability_fixes.hpp; path = ../src/portability_fixes.hpp; sourceTree = "<group>"; };
		32A1C72C1CA600410061B67C /* predef.h */ = {isa = PBXFileReference; fileEncoding = 4; lastKnownFileType = sourcecode.c.h; name = predef.h; path = ../src/predef.h; sourceTree = "<group>"; };
		32A1C72D1CA600410061B67C /* Provider.cpp */ = {isa = PBXFileReference; fileEncoding = 4; lastKnownFileType = sourcecode.cpp.cpp; name = Provider.cpp; path = ../src/Provider.cpp; sourceTree = "<group>"; };
		32A1C72E1CA600410061B67C /* Provider.hpp */ = {isa = PBXFileReference; fileEncoding = 4; lastKnownFileType = sourcecode.cpp.h; name = Provider.hpp; path = ../src/Provider.hpp; sourceTree = "<group>"; };
		32A1C72F1CA600410061B67C /* rlutil.h */ = {isa = PBXFileReference; fileEncoding = 4; lastKnownFileType = sourcecode.c.h; name = rlutil.h; path = ../src/rlutil.h; sourceTree = "<group>"; };
		32A1C7301CA600410061B67C /* scripts.rc */ = {isa = PBXFileReference; fileEncoding = 4; lastKnownFileType = text; name = scripts.rc; path = ../src/scripts.rc; sourceTree = "<group>"; };
		32A1C7311CA600410061B67C /* SimpleIni.h */ = {isa = PBXFileReference; fileEncoding = 4; lastKnownFileType = sourcecode.c.h; name = SimpleIni.h; path = ../src/SimpleIni.h; sourceTree = "<group>"; };
		32A1C7321CA600410061B67C /* slre.cpp */ = {isa = PBXFileReference; fileEncoding = 4; lastKnownFileType = sourcecode.cpp.cpp; name = slre.cpp; path = ../src/slre.cpp; sourceTree = "<group>"; };
		32A1C7331CA600410061B67C /* slre.h */ = {isa = PBXFileReference; fileEncoding = 4; lastKnownFileType = sourcecode.c.h; name = slre.h; path = ../src/slre.h; sourceTree = "<group>"; };
		32A1C7341CA600410061B67C /* stlplus_version.cpp */ = {isa = PBXFileReference; fileEncoding = 4; lastKnownFileType = sourcecode.cpp.cpp; name = stlplus_version.cpp; path = ../src/stlplus_version.cpp; sourceTree = "<group>"; };
		32A1C7351CA600410061B67C /* stlplus_version.hpp */ = {isa = PBXFileReference; fileEncoding = 4; lastKnownFileType = sourcecode.cpp.h; name = stlplus_version.hpp; path = ../src/stlplus_version.hpp; sourceTree = "<group>"; };
		32A1C7361CA600410061B67C /* subprocesses.cpp */ = {isa = PBXFileReference; fileEncoding = 4; lastKnownFileType = sourcecode.cpp.cpp; name = subprocesses.cpp; path = ../src/subprocesses.cpp; sourceTree = "<group>"; };
		32A1C7371CA600410061B67C /* subprocesses.hpp */ = {isa = PBXFileReference; fileEncoding = 4; lastKnownFileType = sourcecode.cpp.h; name = subprocesses.hpp; path = ../src/subprocesses.hpp; sourceTree = "<group>"; };
		32A1C7381CA600410061B67C /* threading.h */ = {isa = PBXFileReference; fileEncoding = 4; lastKnownFileType = sourcecode.c.h; name = threading.h; path = ../src/threading.h; sourceTree = "<group>"; };
		32A1C7391CA600410061B67C /* tinythread.cpp */ = {isa = PBXFileReference; fileEncoding = 4; lastKnownFileType = sourcecode.cpp.cpp; name = tinythread.cpp; path = ../src/tinythread.cpp; sourceTree = "<group>"; };
		32A1C73A1CA600410061B67C /* tinythread.h */ = {isa = PBXFileReference; fileEncoding = 4; lastKnownFileType = sourcecode.c.h; name = tinythread.h; path = ../src/tinythread.h; sourceTree = "<group>"; };
		32A1C73B1CA600410061B67C /* uce-dirent.h */ = {isa = PBXFileReference; fileEncoding = 4; lastKnownFileType = sourcecode.c.h; name = "uce-dirent.h"; path = "../src/uce-dirent.h"; sourceTree = "<group>"; };
		32A1C73C1CA600410061B67C /* util.cpp */ = {isa = PBXFileReference; fileEncoding = 4; lastKnownFileType = sourcecode.cpp.cpp; name = util.cpp; path = ../src/util.cpp; sourceTree = "<group>"; };
		32A1C73D1CA600410061B67C /* util.h */ = {isa = PBXFileReference; fileEncoding = 4; lastKnownFileType = sourcecode.c.h; name = util.h; path = ../src/util.h; sourceTree = "<group>"; };
		32A1C73E1CA600410061B67C /* wildcard.cpp */ = {isa = PBXFileReference; fileEncoding = 4; lastKnownFileType = sourcecode.cpp.cpp; name = wildcard.cpp; path = ../src/wildcard.cpp; sourceTree = "<group>"; };
		32A1C73F1CA600410061B67C /* wildcard.hpp */ = {isa = PBXFileReference; fileEncoding = 4; lastKnownFileType = sourcecode.cpp.h; name = wildcard.hpp; path = ../src/wildcard.hpp; sourceTree = "<group>"; };
		32A1C7601CA600660061B67C /* bootstrap.it */ = {isa = PBXFileReference; fileEncoding = 4; lastKnownFileType = text; name = bootstrap.it; path = ../bootstrap.it; sourceTree = "<group>"; };
		32A1C7611CA600660061B67C /* build.bat */ = {isa = PBXFileReference; fileEncoding = 4; lastKnownFileType = text; name = build.bat; path = ../build.bat; sourceTree = "<group>"; };
		32A1C7621CA600660061B67C /* build.it */ = {isa = PBXFileReference; fileEncoding = 4; lastKnownFileType = text; name = build.it; path = ../build.it; sourceTree = "<group>"; };
		32A1C7631CA600660061B67C /* build.js */ = {isa = PBXFileReference; fileEncoding = 4; lastKnownFileType = sourcecode.javascript; name = build.js; path = ../build.js; sourceTree = "<group>"; };
		32A1C7641CA600660061B67C /* build.sh */ = {isa = PBXFileReference; fileEncoding = 4; lastKnownFileType = text.script.sh; name = build.sh; path = ../build.sh; sourceTree = "<group>"; };
		32A1C7651CA600660061B67C /* Doxyfile */ = {isa = PBXFileReference; fileEncoding = 4; lastKnownFileType = text; name = Doxyfile; path = ../Doxyfile; sourceTree = "<group>"; };
		32A1C7661CA600770061B67C /* Concepts.md */ = {isa = PBXFileReference; fileEncoding = 4; lastKnownFileType = net.daringfireball.markdown; name = Concepts.md; path = ../Concepts.md; sourceTree = "<group>"; };
		32A1C7671CA600770061B67C /* README.md */ = {isa = PBXFileReference; fileEncoding = 4; lastKnownFileType = net.daringfireball.markdown; name = README.md; path = ../README.md; sourceTree = "<group>"; };
		32A1C7681CA600770061B67C /* TODO.md */ = {isa = PBXFileReference; fileEncoding = 4; lastKnownFileType = net.daringfireball.markdown; name = TODO.md; path = ../TODO.md; sourceTree = "<group>"; };
		32A1C7701CA6017F0061B67C /* incbin */ = {isa = PBXFileReference; explicitFileType = "compiled.mach-o.executable"; includeInIndex = 0; path = incbin; sourceTree = BUILT_PRODUCTS_DIR; };
		32A1C7771CA601E40061B67C /* incbin.c */ = {isa = PBXFileReference; fileEncoding = 4; lastKnownFileType = sourcecode.c.c; name = incbin.c; path = ../../deps/incbin/incbin.c; sourceTree = "<group>"; };
		32A1C7781CA601E40061B67C /* incbin.h */ = {isa = PBXFileReference; fileEncoding = 4; lastKnownFileType = sourcecode.c.h; name = incbin.h; path = ../../deps/incbin/incbin.h; sourceTree = "<group>"; };
		32A1C7791CA601E40061B67C /* README.md */ = {isa = PBXFileReference; fileEncoding = 4; lastKnownFileType = net.daringfireball.markdown; name = README.md; path = ../../deps/incbin/README.md; sourceTree = "<group>"; };
		32A1C77A1CA601E40061B67C /* test */ = {isa = PBXFileReference; lastKnownFileType = folder; name = test; path = ../../deps/incbin/test; sourceTree = "<group>"; };
		32A1C77B1CA601E40061B67C /* UNLICENSE */ = {isa = PBXFileReference; fileEncoding = 4; lastKnownFileType = text; name = UNLICENSE; path = ../../deps/incbin/UNLICENSE; sourceTree = "<group>"; };
/* End PBXFileReference section */

/* Begin PBXFrameworksBuildPhase section */
		326B7C6E1CA5FC170075D0F6 /* Frameworks */ = {
			isa = PBXFrameworksBuildPhase;
			buildActionMask = 2147483647;
			files = (
			);
			runOnlyForDeploymentPostprocessing = 0;
		};
		32A1C76D1CA6017F0061B67C /* Frameworks */ = {
			isa = PBXFrameworksBuildPhase;
			buildActionMask = 2147483647;
			files = (
			);
			runOnlyForDeploymentPostprocessing = 0;
		};
/* End PBXFrameworksBuildPhase section */

/* Begin PBXGroup section */
		326B7C681CA5FC170075D0F6 = {
			isa = PBXGroup;
			children = (
				32A1C7661CA600770061B67C /* Concepts.md */,
				32A1C7671CA600770061B67C /* README.md */,
				32A1C7681CA600770061B67C /* TODO.md */,
				32A1C75F1CA6004B0061B67C /* Scripts */,
				32A1C6F11CA600340061B67C /* Source */,
				32A1C7711CA6017F0061B67C /* incbin */,
				326B7C721CA5FC170075D0F6 /* Products */,
			);
			sourceTree = "<group>";
		};
		326B7C721CA5FC170075D0F6 /* Products */ = {
			isa = PBXGroup;
			children = (
				326B7C711CA5FC170075D0F6 /* icetea */,
				32A1C7701CA6017F0061B67C /* incbin */,
			);
			name = Products;
			sourceTree = "<group>";
		};
		32A1C6F11CA600340061B67C /* Source */ = {
			isa = PBXGroup;
			children = (
				32A1C6F21CA600410061B67C /* cli.h */,
				32A1C6F31CA600410061B67C /* Config.hpp */,
				32A1C6F41CA600410061B67C /* Connector.hpp */,
				32A1C6F51CA600410061B67C /* ConvertUTF.cpp */,
				32A1C6F61CA600410061B67C /* ConvertUTF.h */,
				32A1C6F71CA600410061B67C /* Dir.cpp */,
				32A1C6F81CA600410061B67C /* Dir.hpp */,
				32A1C6F91CA600410061B67C /* DLibrary.cpp */,
				32A1C6FA1CA600410061B67C /* DLibrary.hpp */,
				32A1C6FB1CA600410061B67C /* dprintf.cpp */,
				32A1C6FC1CA600410061B67C /* dprintf.hpp */,
				32A1C6FD1CA600410061B67C /* fast_mutex.h */,
				32A1C6FE1CA600410061B67C /* file_system.cpp */,
				32A1C6FF1CA600410061B67C /* file_system.hpp */,
				32A1C7001CA600410061B67C /* filecache.hpp */,
				32A1C7011CA600410061B67C /* Host.cpp */,
				32A1C7021CA600410061B67C /* Host.hpp */,
				32A1C7031CA600410061B67C /* icetea-emscripten.h */,
				32A1C7041CA600410061B67C /* icetea-emscripten.js */,
				32A1C7051CA600410061B67C /* IceTea.cpp */,
				32A1C7061CA600410061B67C /* IceTea.h */,
				32A1C7071CA600410061B67C /* IceTeaPlugin.cpp */,
				32A1C7081CA600410061B67C /* IceTeaPlugin.h */,
				32A1C7091CA600410061B67C /* incbin.ext.h */,
				32A1C70A1CA600410061B67C /* incbin.h */,
				32A1C70B1CA600410061B67C /* InternalIceTeaPlugin.cpp */,
				32A1C70C1CA600410061B67C /* InternalIceTeaPlugin.h */,
				32A1C70D1CA600410061B67C /* it-version.h */,
				32A1C70E1CA600410061B67C /* main.cpp */,
				32A1C70F1CA600410061B67C /* objectscript.cpp */,
				32A1C7101CA600410061B67C /* objectscript.h */,
				32A1C7111CA600410061B67C /* os-binder-arg-cc-functions.h */,
				32A1C7121CA600410061B67C /* os-binder-cc-functions.h */,
				32A1C7131CA600410061B67C /* os-binder-function.h */,
				32A1C7141CA600410061B67C /* os-binder.h */,
				32A1C7151CA600410061B67C /* os-cache.cpp */,
				32A1C7161CA600410061B67C /* os-console.cpp */,
				32A1C7171CA600410061B67C /* os-detector.cpp */,
				32A1C7181CA600410061B67C /* os-exec.cpp */,
				32A1C7191CA600410061B67C /* os-exec.h */,
				32A1C71A1CA600410061B67C /* os-heap.cpp */,
				32A1C71B1CA600410061B67C /* os-heap.h */,
				32A1C71C1CA600410061B67C /* os-icetea.cpp */,
				32A1C71D1CA600410061B67C /* os-icetea.h */,
				32A1C71E1CA600410061B67C /* os-pfs.cpp */,
				32A1C71F1CA600410061B67C /* os-pfs.h */,
				32A1C7201CA600410061B67C /* os-process.cpp */,
				32A1C7211CA600410061B67C /* os-slre.cpp */,
				32A1C7221CA600410061B67C /* os-stacker.h */,
				32A1C7231CA600410061B67C /* os-std.cpp */,
				32A1C7241CA600410061B67C /* os-sys.cpp */,
				32A1C7251CA600410061B67C /* picosha2.h */,
				32A1C7261CA600410061B67C /* PluginManager.cpp */,
				32A1C7271CA600410061B67C /* PluginManager.hpp */,
				32A1C7281CA600410061B67C /* Pluma.hpp */,
				32A1C7291CA600410061B67C /* Pluma.inl */,
				32A1C72A1CA600410061B67C /* portability_fixes.cpp */,
				32A1C72B1CA600410061B67C /* portability_fixes.hpp */,
				32A1C72C1CA600410061B67C /* predef.h */,
				32A1C72D1CA600410061B67C /* Provider.cpp */,
				32A1C72E1CA600410061B67C /* Provider.hpp */,
				32A1C72F1CA600410061B67C /* rlutil.h */,
				32A1C7301CA600410061B67C /* scripts.rc */,
				32A1C7311CA600410061B67C /* SimpleIni.h */,
				32A1C7321CA600410061B67C /* slre.cpp */,
				32A1C7331CA600410061B67C /* slre.h */,
				32A1C7341CA600410061B67C /* stlplus_version.cpp */,
				32A1C7351CA600410061B67C /* stlplus_version.hpp */,
				32A1C7361CA600410061B67C /* subprocesses.cpp */,
				32A1C7371CA600410061B67C /* subprocesses.hpp */,
				32A1C7381CA600410061B67C /* threading.h */,
				32A1C7391CA600410061B67C /* tinythread.cpp */,
				32A1C73A1CA600410061B67C /* tinythread.h */,
				32A1C73B1CA600410061B67C /* uce-dirent.h */,
				32A1C73C1CA600410061B67C /* util.cpp */,
				32A1C73D1CA600410061B67C /* util.h */,
				32A1C73E1CA600410061B67C /* wildcard.cpp */,
				32A1C73F1CA600410061B67C /* wildcard.hpp */,
			);
			name = Source;
			sourceTree = "<group>";
		};
		32A1C75F1CA6004B0061B67C /* Scripts */ = {
			isa = PBXGroup;
			children = (
				32A1C7601CA600660061B67C /* bootstrap.it */,
				32A1C7611CA600660061B67C /* build.bat */,
				32A1C7621CA600660061B67C /* build.it */,
				32A1C7631CA600660061B67C /* build.js */,
				32A1C7641CA600660061B67C /* build.sh */,
				32A1C7651CA600660061B67C /* Doxyfile */,
			);
			name = Scripts;
			sourceTree = "<group>";
		};
		32A1C7711CA6017F0061B67C /* incbin */ = {
			isa = PBXGroup;
			children = (
				32A1C7771CA601E40061B67C /* incbin.c */,
				32A1C7781CA601E40061B67C /* incbin.h */,
				32A1C7791CA601E40061B67C /* README.md */,
				32A1C77A1CA601E40061B67C /* test */,
				32A1C77B1CA601E40061B67C /* UNLICENSE */,
			);
			path = incbin;
			sourceTree = "<group>";
		};
/* End PBXGroup section */

/* Begin PBXNativeTarget section */
		326B7C701CA5FC170075D0F6 /* icetea */ = {
			isa = PBXNativeTarget;
			buildConfigurationList = 326B7C781CA5FC170075D0F6 /* Build configuration list for PBXNativeTarget "icetea" */;
			buildPhases = (
				326B7C6D1CA5FC170075D0F6 /* Sources */,
				326B7C6E1CA5FC170075D0F6 /* Frameworks */,
				326B7C6F1CA5FC170075D0F6 /* CopyFiles */,
			);
			buildRules = (
				32A1C7821CA609AF0061B67C /* PBXBuildRule */,
			);
			dependencies = (
				32A1C7811CA609A00061B67C /* PBXTargetDependency */,
			);
			name = icetea;
			productName = IceTea;
			productReference = 326B7C711CA5FC170075D0F6 /* icetea */;
			productType = "com.apple.product-type.tool";
		};
		32A1C76F1CA6017F0061B67C /* incbin */ = {
			isa = PBXNativeTarget;
			buildConfigurationList = 32A1C7741CA6017F0061B67C /* Build configuration list for PBXNativeTarget "incbin" */;
			buildPhases = (
				32A1C76C1CA6017F0061B67C /* Sources */,
				32A1C76D1CA6017F0061B67C /* Frameworks */,
				32A1C76E1CA6017F0061B67C /* CopyFiles */,
			);
			buildRules = (
				32A1C77E1CA6021C0061B67C /* PBXBuildRule */,
			);
			dependencies = (
			);
			name = incbin;
			productName = incbin;
			productReference = 32A1C7701CA6017F0061B67C /* incbin */;
			productType = "com.apple.product-type.tool";
		};
/* End PBXNativeTarget section */

/* Begin PBXProject section */
		326B7C691CA5FC170075D0F6 /* Project object */ = {
			isa = PBXProject;
			attributes = {
				LastUpgradeCheck = 0720;
				ORGANIZATIONNAME = "Ingwie Phoenix";
				TargetAttributes = {
					326B7C701CA5FC170075D0F6 = {
						CreatedOnToolsVersion = 7.2.1;
					};
					32A1C76F1CA6017F0061B67C = {
						CreatedOnToolsVersion = 7.2.1;
					};
				};
			};
			buildConfigurationList = 326B7C6C1CA5FC170075D0F6 /* Build configuration list for PBXProject "IceTea" */;
			compatibilityVersion = "Xcode 3.2";
			developmentRegion = English;
			hasScannedForEncodings = 0;
			knownRegions = (
				en,
			);
			mainGroup = 326B7C681CA5FC170075D0F6;
			productRefGroup = 326B7C721CA5FC170075D0F6 /* Products */;
			projectDirPath = "";
			projectRoot = "";
			targets = (
				326B7C701CA5FC170075D0F6 /* icetea */,
				32A1C76F1CA6017F0061B67C /* incbin */,
			);
		};
/* End PBXProject section */

/* Begin PBXSourcesBuildPhase section */
		326B7C6D1CA5FC170075D0F6 /* Sources */ = {
			isa = PBXSourcesBuildPhase;
			buildActionMask = 2147483647;
			files = (
				32A1C7831CA60BD60061B67C /* scripts.rc in Sources */,
				32A1C74B1CA600410061B67C /* os-cache.cpp in Sources */,
				32A1C7531CA600410061B67C /* os-slre.cpp in Sources */,
				32A1C74D1CA600410061B67C /* os-detector.cpp in Sources */,
				32A1C7581CA600410061B67C /* Provider.cpp in Sources */,
				32A1C7541CA600410061B67C /* os-std.cpp in Sources */,
				32A1C74C1CA600410061B67C /* os-console.cpp in Sources */,
				32A1C7421CA600410061B67C /* DLibrary.cpp in Sources */,
				32A1C7481CA600410061B67C /* InternalIceTeaPlugin.cpp in Sources */,
				32A1C75C1CA600410061B67C /* tinythread.cpp in Sources */,
				32A1C7401CA600410061B67C /* ConvertUTF.cpp in Sources */,
				32A1C7591CA600410061B67C /* slre.cpp in Sources */,
				32A1C7561CA600410061B67C /* PluginManager.cpp in Sources */,
				32A1C7411CA600410061B67C /* Dir.cpp in Sources */,
				32A1C7511CA600410061B67C /* os-pfs.cpp in Sources */,
				32A1C7471CA600410061B67C /* IceTeaPlugin.cpp in Sources */,
				32A1C74E1CA600410061B67C /* os-exec.cpp in Sources */,
				32A1C7501CA600410061B67C /* os-icetea.cpp in Sources */,
				32A1C7521CA600410061B67C /* os-process.cpp in Sources */,
				32A1C7571CA600410061B67C /* portability_fixes.cpp in Sources */,
				32A1C74F1CA600410061B67C /* os-heap.cpp in Sources */,
				32A1C7551CA600410061B67C /* os-sys.cpp in Sources */,
				32A1C7451CA600410061B67C /* Host.cpp in Sources */,
				32A1C7431CA600410061B67C /* dprintf.cpp in Sources */,
				32A1C75D1CA600410061B67C /* util.cpp in Sources */,
				32A1C7441CA600410061B67C /* file_system.cpp in Sources */,
				32A1C74A1CA600410061B67C /* objectscript.cpp in Sources */,
				32A1C75E1CA600410061B67C /* wildcard.cpp in Sources */,
				32A1C7491CA600410061B67C /* main.cpp in Sources */,
				32A1C75A1CA600410061B67C /* stlplus_version.cpp in Sources */,
				32A1C75B1CA600410061B67C /* subprocesses.cpp in Sources */,
				32A1C7461CA600410061B67C /* IceTea.cpp in Sources */,
			);
			runOnlyForDeploymentPostprocessing = 0;
		};
		32A1C76C1CA6017F0061B67C /* Sources */ = {
			isa = PBXSourcesBuildPhase;
			buildActionMask = 2147483647;
			files = (
				32A1C77C1CA601E40061B67C /* incbin.c in Sources */,
			);
			runOnlyForDeploymentPostprocessing = 0;
		};
/* End PBXSourcesBuildPhase section */

/* Begin PBXTargetDependency section */
		32A1C7811CA609A00061B67C /* PBXTargetDependency */ = {
			isa = PBXTargetDependency;
			target = 32A1C76F1CA6017F0061B67C /* incbin */;
			targetProxy = 32A1C7801CA609A00061B67C /* PBXContainerItemProxy */;
		};
/* End PBXTargetDependency section */

/* Begin XCBuildConfiguration section */
		326B7C761CA5FC170075D0F6 /* Debug */ = {
			isa = XCBuildConfiguration;
			buildSettings = {
				ALWAYS_SEARCH_USER_PATHS = NO;
				CLANG_CXX_LANGUAGE_STANDARD = "gnu++0x";
				CLANG_CXX_LIBRARY = "libc++";
				CLANG_ENABLE_MODULES = YES;
				CLANG_ENABLE_OBJC_ARC = YES;
				CLANG_WARN_BOOL_CONVERSION = YES;
				CLANG_WARN_CONSTANT_CONVERSION = YES;
				CLANG_WARN_DIRECT_OBJC_ISA_USAGE = YES_ERROR;
				CLANG_WARN_EMPTY_BODY = YES;
				CLANG_WARN_ENUM_CONVERSION = YES;
				CLANG_WARN_INT_CONVERSION = YES;
				CLANG_WARN_OBJC_ROOT_CLASS = YES_ERROR;
				CLANG_WARN_UNREACHABLE_CODE = YES;
				CLANG_WARN__DUPLICATE_METHOD_MATCH = YES;
				CODE_SIGN_IDENTITY = "-";
				COPY_PHASE_STRIP = NO;
				DEBUG_INFORMATION_FORMAT = dwarf;
				ENABLE_STRICT_OBJC_MSGSEND = YES;
				ENABLE_TESTABILITY = YES;
				GCC_C_LANGUAGE_STANDARD = gnu99;
				GCC_DYNAMIC_NO_PIC = NO;
				GCC_NO_COMMON_BLOCKS = YES;
				GCC_OPTIMIZATION_LEVEL = 0;
				GCC_PREPROCESSOR_DEFINITIONS = (
					"DEBUG=1",
					"$(inherited)",
				);
				GCC_WARN_64_TO_32_BIT_CONVERSION = YES;
				GCC_WARN_ABOUT_RETURN_TYPE = YES;
				GCC_WARN_UNDECLARED_SELECTOR = YES;
				GCC_WARN_UNINITIALIZED_AUTOS = YES_AGGRESSIVE;
				GCC_WARN_UNUSED_FUNCTION = YES;
				GCC_WARN_UNUSED_VARIABLE = YES;
				MACOSX_DEPLOYMENT_TARGET = 10.11;
				MTL_ENABLE_DEBUG_INFO = YES;
				ONLY_ACTIVE_ARCH = YES;
				SDKROOT = macosx;
			};
			name = Debug;
		};
		326B7C771CA5FC170075D0F6 /* Release */ = {
			isa = XCBuildConfiguration;
			buildSettings = {
				ALWAYS_SEARCH_USER_PATHS = NO;
				CLANG_CXX_LANGUAGE_STANDARD = "gnu++0x";
				CLANG_CXX_LIBRARY = "libc++";
				CLANG_ENABLE_MODULES = YES;
				CLANG_ENABLE_OBJC_ARC = YES;
				CLANG_WARN_BOOL_CONVERSION = YES;
				CLANG_WARN_CONSTANT_CONVERSION = YES;
				CLANG_WARN_DIRECT_OBJC_ISA_USAGE = YES_ERROR;
				CLANG_WARN_EMPTY_BODY = YES;
				CLANG_WARN_ENUM_CONVERSION = YES;
				CLANG_WARN_INT_CONVERSION = YES;
				CLANG_WARN_OBJC_ROOT_CLASS = YES_ERROR;
				CLANG_WARN_UNREACHABLE_CODE = YES;
				CLANG_WARN__DUPLICATE_METHOD_MATCH = YES;
				CODE_SIGN_IDENTITY = "-";
				COPY_PHASE_STRIP = NO;
				DEBUG_INFORMATION_FORMAT = "dwarf-with-dsym";
				ENABLE_NS_ASSERTIONS = NO;
				ENABLE_STRICT_OBJC_MSGSEND = YES;
				GCC_C_LANGUAGE_STANDARD = gnu99;
				GCC_NO_COMMON_BLOCKS = YES;
				GCC_WARN_64_TO_32_BIT_CONVERSION = YES;
				GCC_WARN_ABOUT_RETURN_TYPE = YES;
				GCC_WARN_UNDECLARED_SELECTOR = YES;
				GCC_WARN_UNINITIALIZED_AUTOS = YES_AGGRESSIVE;
				GCC_WARN_UNUSED_FUNCTION = YES;
				GCC_WARN_UNUSED_VARIABLE = YES;
				MACOSX_DEPLOYMENT_TARGET = 10.11;
				MTL_ENABLE_DEBUG_INFO = NO;
				SDKROOT = macosx;
			};
			name = Release;
		};
		326B7C791CA5FC170075D0F6 /* Debug */ = {
			isa = XCBuildConfiguration;
			buildSettings = {
				GCC_PREPROCESSOR_DEFINITIONS = (
					ICETEA_INCBIN_FORCE_EXTERNAL,
					OS_DEBUG,
					"DEBUG=1",
				);
				PRODUCT_NAME = "$(TARGET_NAME)";
				SCAN_ALL_SOURCE_FILES_FOR_INCLUDES = YES;
			};
			name = Debug;
		};
		326B7C7A1CA5FC170075D0F6 /* Release */ = {
			isa = XCBuildConfiguration;
			buildSettings = {
				GCC_PREPROCESSOR_DEFINITIONS = ICETEA_INCBIN_FORCE_EXTERNAL;
				PRODUCT_NAME = "$(TARGET_NAME)";
				SCAN_ALL_SOURCE_FILES_FOR_INCLUDES = YES;
			};
			name = Release;
		};
		32A1C7751CA6017F0061B67C /* Debug */ = {
			isa = XCBuildConfiguration;
			buildSettings = {
				PRODUCT_NAME = "$(TARGET_NAME)";
			};
			name = Debug;
		};
		32A1C7761CA6017F0061B67C /* Release */ = {
			isa = XCBuildConfiguration;
			buildSettings = {
				PRODUCT_NAME = "$(TARGET_NAME)";
			};
			name = Release;
		};
/* End XCBuildConfiguration section */

/* Begin XCConfigurationList section */
		326B7C6C1CA5FC170075D0F6 /* Build configuration list for PBXProject "IceTea" */ = {
			isa = XCConfigurationList;
			buildConfigurations = (
				326B7C761CA5FC170075D0F6 /* Debug */,
				326B7C771CA5FC170075D0F6 /* Release */,
			);
			defaultConfigurationIsVisible = 0;
			defaultConfigurationName = Release;
		};
		326B7C781CA5FC170075D0F6 /* Build configuration list for PBXNativeTarget "icetea" */ = {
			isa = XCConfigurationList;
			buildConfigurations = (
				326B7C791CA5FC170075D0F6 /* Debug */,
				326B7C7A1CA5FC170075D0F6 /* Release */,
			);
			defaultConfigurationIsVisible = 0;
			defaultConfigurationName = Release;
		};
		32A1C7741CA6017F0061B67C /* Build configuration list for PBXNativeTarget "incbin" */ = {
			isa = XCConfigurationList;
			buildConfigurations = (
				32A1C7751CA6017F0061B67C /* Debug */,
				32A1C7761CA6017F0061B67C /* Release */,
			);
			defaultConfigurationIsVisible = 0;
		};
/* End XCConfigurationList section */
	};
	rootObject = 326B7C691CA5FC170075D0F6 /* Project object */;
}
